
Microsoft Visual Studio Solution File, Format Version 12.00
# Visual Studio Version 17
VisualStudioVersion = 17.6.33513.286
MinimumVisualStudioVersion = 10.0.40219.1
Project("{9A19103F-16F7-4668-BE54-9A1E7A4F7556}") = "Api", "Api\Api.csproj", "{747549DD-53A1-4AA5-B5B9-7D35FC7D4BA2}"
EndProject
Project("{FAE04EC0-301F-11D3-BF4B-00C04F79EFBC}") = "Domain", "Domain\Domain.csproj", "{42C972EC-6623-4A89-A8F9-4A557E864437}"
EndProject
Project("{FAE04EC0-301F-11D3-BF4B-00C04F79EFBC}") = "Persistence", "Persistence\Persistence.csproj", "{C0D5BF9F-776C-4664-9B0D-0205E3343391}"
EndProject
Global
	GlobalSection(SolutionConfigurationPlatforms) = preSolution
		Debug|Any CPU = Debug|Any CPU
		Release|Any CPU = Release|Any CPU
	EndGlobalSection
	GlobalSection(ProjectConfigurationPlatforms) = postSolution
		{747549DD-53A1-4AA5-B5B9-7D35FC7D4BA2}.Debug|Any CPU.ActiveCfg = Debug|Any CPU
		{747549DD-53A1-4AA5-B5B9-7D35FC7D4BA2}.Debug|Any CPU.Build.0 = Debug|Any CPU
		{747549DD-53A1-4AA5-B5B9-7D35FC7D4BA2}.Release|Any CPU.ActiveCfg = Release|Any CPU
		{747549DD-53A1-4AA5-B5B9-7D35FC7D4BA2}.Release|Any CPU.Build.0 = Release|Any CPU
		{42C972EC-6623-4A89-A8F9-4A557E864437}.Debug|Any CPU.ActiveCfg = Debug|Any CPU
		{42C972EC-6623-4A89-A8F9-4A557E864437}.Debug|Any CPU.Build.0 = Debug|Any CPU
		{42C972EC-6623-4A89-A8F9-4A557E864437}.Release|Any CPU.ActiveCfg = Release|Any CPU
		{42C972EC-6623-4A89-A8F9-4A557E864437}.Release|Any CPU.Build.0 = Release|Any CPU
		{C0D5BF9F-776C-4664-9B0D-0205E3343391}.Debug|Any CPU.ActiveCfg = Debug|Any CPU
		{C0D5BF9F-776C-4664-9B0D-0205E3343391}.Debug|Any CPU.Build.0 = Debug|Any CPU
		{C0D5BF9F-776C-4664-9B0D-0205E3343391}.Release|Any CPU.ActiveCfg = Release|Any CPU
		{C0D5BF9F-776C-4664-9B0D-0205E3343391}.Release|Any CPU.Build.0 = Release|Any CPU
	EndGlobalSection
	GlobalSection(SolutionProperties) = preSolution
		HideSolutionNode = FALSE
	EndGlobalSection
	GlobalSection(ExtensibilityGlobals) = postSolution
		SolutionGuid = {43D1DEB2-0D6B-4D82-964D-C59930C493E7}
	EndGlobalSection
EndGlobal
